
Microsoft Visual Studio Solution File, Format Version 12.00
# Visual Studio 15
VisualStudioVersion = 15.0.27703.2026
MinimumVisualStudioVersion = 10.0.40219.1
Project("{FAE04EC0-301F-11D3-BF4B-00C04F79EFBC}") = "Angular7", "Angular7\Angular7.csproj", "{2F98BEFB-99D9-4114-BE12-A26DC2B44E83}"
EndProject
Global
	GlobalSection(SolutionConfigurationPlatforms) = preSolution
		Debug|Any CPU = Debug|Any CPU
		Release|Any CPU = Release|Any CPU
	EndGlobalSection
	GlobalSection(ProjectConfigurationPlatforms) = postSolution
		{2F98BEFB-99D9-4114-BE12-A26DC2B44E83}.Debug|Any CPU.ActiveCfg = Debug|Any CPU
		{2F98BEFB-99D9-4114-BE12-A26DC2B44E83}.Debug|Any CPU.Build.0 = Debug|Any CPU
		{2F98BEFB-99D9-4114-BE12-A26DC2B44E83}.Release|Any CPU.ActiveCfg = Release|Any CPU
		{2F98BEFB-99D9-4114-BE12-A26DC2B44E83}.Release|Any CPU.Build.0 = Release|Any CPU
	EndGlobalSection
	GlobalSection(SolutionProperties) = preSolution
		HideSolutionNode = FALSE
	EndGlobalSection
	GlobalSection(ExtensibilityGlobals) = postSolution
		SolutionGuid = {F9EA5C03-9226-4BF0-99C8-08E2E0BF337A}
	EndGlobalSection
EndGlobal
